// !$*UTF8*$!
{
	archiveVersion = 1;
	classes = {
	};
	objectVersion = 46;
	objects = {

/* Begin PBXBuildFile section */
		DD0966BC1C4185A000B120FF /* AppDelegate.swift in Sources */ = {isa = PBXBuildFile; fileRef = DD0966BB1C4185A000B120FF /* AppDelegate.swift */; };
		DD0966BE1C4185A000B120FF /* ViewController.swift in Sources */ = {isa = PBXBuildFile; fileRef = DD0966BD1C4185A000B120FF /* ViewController.swift */; };
		DD0966C41C4185A000B120FF /* iOSUsers_Data.xcdatamodeld in Sources */ = {isa = PBXBuildFile; fileRef = DD0966C21C4185A000B120FF /* iOSUsers_Data.xcdatamodeld */; };
		DD0966C61C4185A000B120FF /* Assets.xcassets in Resources */ = {isa = PBXBuildFile; fileRef = DD0966C51C4185A000B120FF /* Assets.xcassets */; };
		DD0966C91C4185A000B120FF /* LaunchScreen.storyboard in Resources */ = {isa = PBXBuildFile; fileRef = DD0966C71C4185A000B120FF /* LaunchScreen.storyboard */; };
		DD0966D41C4185A000B120FF /* iOSUsers_DataTests.swift in Sources */ = {isa = PBXBuildFile; fileRef = DD0966D31C4185A000B120FF /* iOSUsers_DataTests.swift */; };
		DD0966DF1C4185A000B120FF /* iOSUsers_DataUITests.swift in Sources */ = {isa = PBXBuildFile; fileRef = DD0966DE1C4185A000B120FF /* iOSUsers_DataUITests.swift */; };
		DD15A4011C4823D8001DB0AB /* AddBuild.swift in Sources */ = {isa = PBXBuildFile; fileRef = DD15A4001C4823D8001DB0AB /* AddBuild.swift */; };
		DD74E71F1C41CB0A004A1EA3 /* computer.png in Resources */ = {isa = PBXBuildFile; fileRef = DD74E71E1C41CB0A004A1EA3 /* computer.png */; };
		DD74E7211C41CED0004A1EA3 /* billabong.ttf in Resources */ = {isa = PBXBuildFile; fileRef = DD74E7201C41CED0004A1EA3 /* billabong.ttf */; };
		DD74E7231C41CF84004A1EA3 /* buttonbackground.png in Resources */ = {isa = PBXBuildFile; fileRef = DD74E7221C41CF84004A1EA3 /* buttonbackground.png */; };
		DD74E7251C41D6A0004A1EA3 /* Register.swift in Sources */ = {isa = PBXBuildFile; fileRef = DD74E7241C41D6A0004A1EA3 /* Register.swift */; };
		DD74E7271C41E266004A1EA3 /* add.png in Resources */ = {isa = PBXBuildFile; fileRef = DD74E7261C41E266004A1EA3 /* add.png */; };
		DD74E7291C41E915004A1EA3 /* Main.swift in Sources */ = {isa = PBXBuildFile; fileRef = DD74E7281C41E915004A1EA3 /* Main.swift */; };
		DD74E7491C41F3E0004A1EA3 /* AudioToolbox.framework in Frameworks */ = {isa = PBXBuildFile; fileRef = DD74E7481C41F3E0004A1EA3 /* AudioToolbox.framework */; };
		DD74E74B1C41F3E8004A1EA3 /* CFNetwork.framework in Frameworks */ = {isa = PBXBuildFile; fileRef = DD74E74A1C41F3E8004A1EA3 /* CFNetwork.framework */; };
		DD74E74D1C41F3F1004A1EA3 /* CoreGraphics.framework in Frameworks */ = {isa = PBXBuildFile; fileRef = DD74E74C1C41F3F1004A1EA3 /* CoreGraphics.framework */; };
		DD74E74F1C41F3F8004A1EA3 /* CoreLocation.framework in Frameworks */ = {isa = PBXBuildFile; fileRef = DD74E74E1C41F3F8004A1EA3 /* CoreLocation.framework */; };
		DD74E7511C41F401004A1EA3 /* QuartzCore.framework in Frameworks */ = {isa = PBXBuildFile; fileRef = DD74E7501C41F401004A1EA3 /* QuartzCore.framework */; };
		DD74E7531C41F408004A1EA3 /* Security.framework in Frameworks */ = {isa = PBXBuildFile; fileRef = DD74E7521C41F408004A1EA3 /* Security.framework */; };
		DD74E7551C41F40F004A1EA3 /* StoreKit.framework in Frameworks */ = {isa = PBXBuildFile; fileRef = DD74E7541C41F40F004A1EA3 /* StoreKit.framework */; };
		DD74E7571C41F41C004A1EA3 /* SystemConfiguration.framework in Frameworks */ = {isa = PBXBuildFile; fileRef = DD74E7561C41F41C004A1EA3 /* SystemConfiguration.framework */; };
		DD74E7591C41F427004A1EA3 /* libz.tbd in Frameworks */ = {isa = PBXBuildFile; fileRef = DD74E7581C41F427004A1EA3 /* libz.tbd */; };
		DD74E75B1C41F432004A1EA3 /* libsqlite3.tbd in Frameworks */ = {isa = PBXBuildFile; fileRef = DD74E75A1C41F432004A1EA3 /* libsqlite3.tbd */; };
		DD74E75E1C41F578004A1EA3 /* Bolts.framework in Frameworks */ = {isa = PBXBuildFile; fileRef = DD74E75C1C41F578004A1EA3 /* Bolts.framework */; };
		DD74E75F1C41F578004A1EA3 /* Parse.framework in Frameworks */ = {isa = PBXBuildFile; fileRef = DD74E75D1C41F578004A1EA3 /* Parse.framework */; };
		DD85C7FA1C4988E800478E34 /* Main.storyboard in Resources */ = {isa = PBXBuildFile; fileRef = DD85C7F91C4988E800478E34 /* Main.storyboard */; };
		DD85C7FC1C49979500478E34 /* greyedout.png in Resources */ = {isa = PBXBuildFile; fileRef = DD85C7FB1C49979500478E34 /* greyedout.png */; };
/* End PBXBuildFile section */

/* Begin PBXContainerItemProxy section */
		DD0966D01C4185A000B120FF /* PBXContainerItemProxy */ = {
			isa = PBXContainerItemProxy;
			containerPortal = DD0966B01C4185A000B120FF /* Project object */;
			proxyType = 1;
			remoteGlobalIDString = DD0966B71C4185A000B120FF;
			remoteInfo = "iOSUsers&Data";
		};
		DD0966DB1C4185A000B120FF /* PBXContainerItemProxy */ = {
			isa = PBXContainerItemProxy;
			containerPortal = DD0966B01C4185A000B120FF /* Project object */;
			proxyType = 1;
			remoteGlobalIDString = DD0966B71C4185A000B120FF;
			remoteInfo = "iOSUsers&Data";
		};
/* End PBXContainerItemProxy section */

/* Begin PBXFileReference section */
		DD0966B81C4185A000B120FF /* iOSUsers&Data.app */ = {isa = PBXFileReference; explicitFileType = wrapper.application; includeInIndex = 0; path = "iOSUsers&Data.app"; sourceTree = BUILT_PRODUCTS_DIR; };
		DD0966BB1C4185A000B120FF /* AppDelegate.swift */ = {isa = PBXFileReference; lastKnownFileType = sourcecode.swift; path = AppDelegate.swift; sourceTree = "<group>"; };
		DD0966BD1C4185A000B120FF /* ViewController.swift */ = {isa = PBXFileReference; lastKnownFileType = sourcecode.swift; path = ViewController.swift; sourceTree = "<group>"; };
		DD0966C31C4185A000B120FF /* iOSUsers_Data.xcdatamodel */ = {isa = PBXFileReference; lastKnownFileType = wrapper.xcdatamodel; path = iOSUsers_Data.xcdatamodel; sourceTree = "<group>"; };
		DD0966C51C4185A000B120FF /* Assets.xcassets */ = {isa = PBXFileReference; lastKnownFileType = folder.assetcatalog; path = Assets.xcassets; sourceTree = "<group>"; };
		DD0966C81C4185A000B120FF /* Base */ = {isa = PBXFileReference; lastKnownFileType = file.storyboard; name = Base; path = Base.lproj/LaunchScreen.storyboard; sourceTree = "<group>"; };
		DD0966CA1C4185A000B120FF /* Info.plist */ = {isa = PBXFileReference; lastKnownFileType = text.plist.xml; path = Info.plist; sourceTree = "<group>"; };
		DD0966CF1C4185A000B120FF /* iOSUsers&DataTests.xctest */ = {isa = PBXFileReference; explicitFileType = wrapper.cfbundle; includeInIndex = 0; path = "iOSUsers&DataTests.xctest"; sourceTree = BUILT_PRODUCTS_DIR; };
		DD0966D31C4185A000B120FF /* iOSUsers_DataTests.swift */ = {isa = PBXFileReference; lastKnownFileType = sourcecode.swift; path = iOSUsers_DataTests.swift; sourceTree = "<group>"; };
		DD0966D51C4185A000B120FF /* Info.plist */ = {isa = PBXFileReference; lastKnownFileType = text.plist.xml; path = Info.plist; sourceTree = "<group>"; };
		DD0966DA1C4185A000B120FF /* iOSUsers&DataUITests.xctest */ = {isa = PBXFileReference; explicitFileType = wrapper.cfbundle; includeInIndex = 0; path = "iOSUsers&DataUITests.xctest"; sourceTree = BUILT_PRODUCTS_DIR; };
		DD0966DE1C4185A000B120FF /* iOSUsers_DataUITests.swift */ = {isa = PBXFileReference; lastKnownFileType = sourcecode.swift; path = iOSUsers_DataUITests.swift; sourceTree = "<group>"; };
		DD0966E01C4185A000B120FF /* Info.plist */ = {isa = PBXFileReference; lastKnownFileType = text.plist.xml; path = Info.plist; sourceTree = "<group>"; };
		DD15A4001C4823D8001DB0AB /* AddBuild.swift */ = {isa = PBXFileReference; fileEncoding = 4; lastKnownFileType = sourcecode.swift; path = AddBuild.swift; sourceTree = "<group>"; };
		DD74E71E1C41CB0A004A1EA3 /* computer.png */ = {isa = PBXFileReference; lastKnownFileType = image.png; path = computer.png; sourceTree = "<group>"; };
		DD74E7201C41CED0004A1EA3 /* billabong.ttf */ = {isa = PBXFileReference; lastKnownFileType = file; path = billabong.ttf; sourceTree = "<group>"; };
		DD74E7221C41CF84004A1EA3 /* buttonbackground.png */ = {isa = PBXFileReference; lastKnownFileType = image.png; path = buttonbackground.png; sourceTree = "<group>"; };
		DD74E7241C41D6A0004A1EA3 /* Register.swift */ = {isa = PBXFileReference; fileEncoding = 4; lastKnownFileType = sourcecode.swift; path = Register.swift; sourceTree = "<group>"; };
		DD74E7261C41E266004A1EA3 /* add.png */ = {isa = PBXFileReference; lastKnownFileType = image.png; path = add.png; sourceTree = "<group>"; };
		DD74E7281C41E915004A1EA3 /* Main.swift */ = {isa = PBXFileReference; fileEncoding = 4; lastKnownFileType = sourcecode.swift; path = Main.swift; sourceTree = "<group>"; };
		DD74E7481C41F3E0004A1EA3 /* AudioToolbox.framework */ = {isa = PBXFileReference; lastKnownFileType = wrapper.framework; name = AudioToolbox.framework; path = System/Library/Frameworks/AudioToolbox.framework; sourceTree = SDKROOT; };
		DD74E74A1C41F3E8004A1EA3 /* CFNetwork.framework */ = {isa = PBXFileReference; lastKnownFileType = wrapper.framework; name = CFNetwork.framework; path = System/Library/Frameworks/CFNetwork.framework; sourceTree = SDKROOT; };
		DD74E74C1C41F3F1004A1EA3 /* CoreGraphics.framework */ = {isa = PBXFileReference; lastKnownFileType = wrapper.framework; name = CoreGraphics.framework; path = System/Library/Frameworks/CoreGraphics.framework; sourceTree = SDKROOT; };
		DD74E74E1C41F3F8004A1EA3 /* CoreLocation.framework */ = {isa = PBXFileReference; lastKnownFileType = wrapper.framework; name = CoreLocation.framework; path = System/Library/Frameworks/CoreLocation.framework; sourceTree = SDKROOT; };
		DD74E7501C41F401004A1EA3 /* QuartzCore.framework */ = {isa = PBXFileReference; lastKnownFileType = wrapper.framework; name = QuartzCore.framework; path = System/Library/Frameworks/QuartzCore.framework; sourceTree = SDKROOT; };
		DD74E7521C41F408004A1EA3 /* Security.framework */ = {isa = PBXFileReference; lastKnownFileType = wrapper.framework; name = Security.framework; path = System/Library/Frameworks/Security.framework; sourceTree = SDKROOT; };
		DD74E7541C41F40F004A1EA3 /* StoreKit.framework */ = {isa = PBXFileReference; lastKnownFileType = wrapper.framework; name = StoreKit.framework; path = System/Library/Frameworks/StoreKit.framework; sourceTree = SDKROOT; };
		DD74E7561C41F41C004A1EA3 /* SystemConfiguration.framework */ = {isa = PBXFileReference; lastKnownFileType = wrapper.framework; name = SystemConfiguration.framework; path = System/Library/Frameworks/SystemConfiguration.framework; sourceTree = SDKROOT; };
		DD74E7581C41F427004A1EA3 /* libz.tbd */ = {isa = PBXFileReference; lastKnownFileType = "sourcecode.text-based-dylib-definition"; name = libz.tbd; path = usr/lib/libz.tbd; sourceTree = SDKROOT; };
		DD74E75A1C41F432004A1EA3 /* libsqlite3.tbd */ = {isa = PBXFileReference; lastKnownFileType = "sourcecode.text-based-dylib-definition"; name = libsqlite3.tbd; path = usr/lib/libsqlite3.tbd; sourceTree = SDKROOT; };
		DD74E75C1C41F578004A1EA3 /* Bolts.framework */ = {isa = PBXFileReference; lastKnownFileType = wrapper.framework; path = Bolts.framework; sourceTree = "<group>"; };
		DD74E75D1C41F578004A1EA3 /* Parse.framework */ = {isa = PBXFileReference; lastKnownFileType = wrapper.framework; path = Parse.framework; sourceTree = "<group>"; };
		DD85C7F91C4988E800478E34 /* Main.storyboard */ = {isa = PBXFileReference; fileEncoding = 4; lastKnownFileType = file.storyboard; path = Main.storyboard; sourceTree = "<group>"; };
		DD85C7FB1C49979500478E34 /* greyedout.png */ = {isa = PBXFileReference; lastKnownFileType = image.png; path = greyedout.png; sourceTree = "<group>"; };
/* End PBXFileReference section */

/* Begin PBXFrameworksBuildPhase section */
		DD0966B51C4185A000B120FF /* Frameworks */ = {
			isa = PBXFrameworksBuildPhase;
			buildActionMask = 2147483647;
			files = (
				DD74E75B1C41F432004A1EA3 /* libsqlite3.tbd in Frameworks */,
				DD74E7591C41F427004A1EA3 /* libz.tbd in Frameworks */,
				DD74E7571C41F41C004A1EA3 /* SystemConfiguration.framework in Frameworks */,
				DD74E7551C41F40F004A1EA3 /* StoreKit.framework in Frameworks */,
				DD74E7531C41F408004A1EA3 /* Security.framework in Frameworks */,
				DD74E7511C41F401004A1EA3 /* QuartzCore.framework in Frameworks */,
				DD74E74F1C41F3F8004A1EA3 /* CoreLocation.framework in Frameworks */,
				DD74E74D1C41F3F1004A1EA3 /* CoreGraphics.framework in Frameworks */,
				DD74E75E1C41F578004A1EA3 /* Bolts.framework in Frameworks */,
				DD74E74B1C41F3E8004A1EA3 /* CFNetwork.framework in Frameworks */,
				DD74E75F1C41F578004A1EA3 /* Parse.framework in Frameworks */,
				DD74E7491C41F3E0004A1EA3 /* AudioToolbox.framework in Frameworks */,
			);
			runOnlyForDeploymentPostprocessing = 0;
		};
		DD0966CC1C4185A000B120FF /* Frameworks */ = {
			isa = PBXFrameworksBuildPhase;
			buildActionMask = 2147483647;
			files = (
			);
			runOnlyForDeploymentPostprocessing = 0;
		};
		DD0966D71C4185A000B120FF /* Frameworks */ = {
			isa = PBXFrameworksBuildPhase;
			buildActionMask = 2147483647;
			files = (
			);
			runOnlyForDeploymentPostprocessing = 0;
		};
/* End PBXFrameworksBuildPhase section */

/* Begin PBXGroup section */
		DD0966AF1C4185A000B120FF = {
			isa = PBXGroup;
			children = (
				DD74E75C1C41F578004A1EA3 /* Bolts.framework */,
				DD74E75D1C41F578004A1EA3 /* Parse.framework */,
				DD74E75A1C41F432004A1EA3 /* libsqlite3.tbd */,
				DD74E7581C41F427004A1EA3 /* libz.tbd */,
				DD74E7561C41F41C004A1EA3 /* SystemConfiguration.framework */,
				DD74E7541C41F40F004A1EA3 /* StoreKit.framework */,
				DD74E7521C41F408004A1EA3 /* Security.framework */,
				DD74E7501C41F401004A1EA3 /* QuartzCore.framework */,
				DD74E74E1C41F3F8004A1EA3 /* CoreLocation.framework */,
				DD74E74C1C41F3F1004A1EA3 /* CoreGraphics.framework */,
				DD74E74A1C41F3E8004A1EA3 /* CFNetwork.framework */,
				DD74E7481C41F3E0004A1EA3 /* AudioToolbox.framework */,
				DD74E7201C41CED0004A1EA3 /* billabong.ttf */,
				DD0966BA1C4185A000B120FF /* iOSUsers&Data */,
				DD0966D21C4185A000B120FF /* iOSUsers&DataTests */,
				DD0966DD1C4185A000B120FF /* iOSUsers&DataUITests */,
				DD0966B91C4185A000B120FF /* Products */,
			);
			sourceTree = "<group>";
		};
		DD0966B91C4185A000B120FF /* Products */ = {
			isa = PBXGroup;
			children = (
				DD0966B81C4185A000B120FF /* iOSUsers&Data.app */,
				DD0966CF1C4185A000B120FF /* iOSUsers&DataTests.xctest */,
				DD0966DA1C4185A000B120FF /* iOSUsers&DataUITests.xctest */,
			);
			name = Products;
			sourceTree = "<group>";
		};
		DD0966BA1C4185A000B120FF /* iOSUsers&Data */ = {
			isa = PBXGroup;
			children = (
				DD74E71D1C41CAEE004A1EA3 /* Images */,
				DD0966BB1C4185A000B120FF /* AppDelegate.swift */,
				DD0966BD1C4185A000B120FF /* ViewController.swift */,
				DD15A4001C4823D8001DB0AB /* AddBuild.swift */,
				DD85C7F91C4988E800478E34 /* Main.storyboard */,
				DD74E7281C41E915004A1EA3 /* Main.swift */,
				DD74E7241C41D6A0004A1EA3 /* Register.swift */,
				DD0966C51C4185A000B120FF /* Assets.xcassets */,
				DD0966C71C4185A000B120FF /* LaunchScreen.storyboard */,
				DD0966CA1C4185A000B120FF /* Info.plist */,
				DD0966C21C4185A000B120FF /* iOSUsers_Data.xcdatamodeld */,
			);
			path = "iOSUsers&Data";
			sourceTree = "<group>";
		};
		DD0966D21C4185A000B120FF /* iOSUsers&DataTests */ = {
			isa = PBXGroup;
			children = (
				DD0966D31C4185A000B120FF /* iOSUsers_DataTests.swift */,
				DD0966D51C4185A000B120FF /* Info.plist */,
			);
			path = "iOSUsers&DataTests";
			sourceTree = "<group>";
		};
		DD0966DD1C4185A000B120FF /* iOSUsers&DataUITests */ = {
			isa = PBXGroup;
			children = (
				DD0966DE1C4185A000B120FF /* iOSUsers_DataUITests.swift */,
				DD0966E01C4185A000B120FF /* Info.plist */,
			);
			path = "iOSUsers&DataUITests";
			sourceTree = "<group>";
		};
		DD74E71D1C41CAEE004A1EA3 /* Images */ = {
			isa = PBXGroup;
			children = (
				DD85C7FB1C49979500478E34 /* greyedout.png */,
				DD74E7261C41E266004A1EA3 /* add.png */,
				DD74E7221C41CF84004A1EA3 /* buttonbackground.png */,
				DD74E71E1C41CB0A004A1EA3 /* computer.png */,
			);
			name = Images;
			sourceTree = "<group>";
		};
/* End PBXGroup section */

/* Begin PBXNativeTarget section */
		DD0966B71C4185A000B120FF /* iOSUsers&Data */ = {
			isa = PBXNativeTarget;
			buildConfigurationList = DD0966E31C4185A000B120FF /* Build configuration list for PBXNativeTarget "iOSUsers&Data" */;
			buildPhases = (
				DD0966B41C4185A000B120FF /* Sources */,
				DD0966B51C4185A000B120FF /* Frameworks */,
				DD0966B61C4185A000B120FF /* Resources */,
			);
			buildRules = (
			);
			dependencies = (
			);
			name = "iOSUsers&Data";
			productName = "iOSUsers&Data";
			productReference = DD0966B81C4185A000B120FF /* iOSUsers&Data.app */;
			productType = "com.apple.product-type.application";
		};
		DD0966CE1C4185A000B120FF /* iOSUsers&DataTests */ = {
			isa = PBXNativeTarget;
			buildConfigurationList = DD0966E61C4185A000B120FF /* Build configuration list for PBXNativeTarget "iOSUsers&DataTests" */;
			buildPhases = (
				DD0966CB1C4185A000B120FF /* Sources */,
				DD0966CC1C4185A000B120FF /* Frameworks */,
				DD0966CD1C4185A000B120FF /* Resources */,
			);
			buildRules = (
			);
			dependencies = (
				DD0966D11C4185A000B120FF /* PBXTargetDependency */,
			);
			name = "iOSUsers&DataTests";
			productName = "iOSUsers&DataTests";
			productReference = DD0966CF1C4185A000B120FF /* iOSUsers&DataTests.xctest */;
			productType = "com.apple.product-type.bundle.unit-test";
		};
		DD0966D91C4185A000B120FF /* iOSUsers&DataUITests */ = {
			isa = PBXNativeTarget;
			buildConfigurationList = DD0966E91C4185A000B120FF /* Build configuration list for PBXNativeTarget "iOSUsers&DataUITests" */;
			buildPhases = (
				DD0966D61C4185A000B120FF /* Sources */,
				DD0966D71C4185A000B120FF /* Frameworks */,
				DD0966D81C4185A000B120FF /* Resources */,
			);
			buildRules = (
			);
			dependencies = (
				DD0966DC1C4185A000B120FF /* PBXTargetDependency */,
			);
			name = "iOSUsers&DataUITests";
			productName = "iOSUsers&DataUITests";
			productReference = DD0966DA1C4185A000B120FF /* iOSUsers&DataUITests.xctest */;
			productType = "com.apple.product-type.bundle.ui-testing";
		};
/* End PBXNativeTarget section */

/* Begin PBXProject section */
		DD0966B01C4185A000B120FF /* Project object */ = {
			isa = PBXProject;
			attributes = {
				LastSwiftUpdateCheck = 0720;
				LastUpgradeCheck = 0720;
				ORGANIZATIONNAME = "Ian Dorosh";
				TargetAttributes = {
					DD0966B71C4185A000B120FF = {
						CreatedOnToolsVersion = 7.2;
						DevelopmentTeam = EUQB9Z84D4;
					};
					DD0966CE1C4185A000B120FF = {
						CreatedOnToolsVersion = 7.2;
						TestTargetID = DD0966B71C4185A000B120FF;
					};
					DD0966D91C4185A000B120FF = {
						CreatedOnToolsVersion = 7.2;
						TestTargetID = DD0966B71C4185A000B120FF;
					};
				};
			};
			buildConfigurationList = DD0966B31C4185A000B120FF /* Build configuration list for PBXProject "iOSUsers&Data" */;
			compatibilityVersion = "Xcode 3.2";
			developmentRegion = English;
			hasScannedForEncodings = 0;
			knownRegions = (
				en,
				Base,
			);
			mainGroup = DD0966AF1C4185A000B120FF;
			productRefGroup = DD0966B91C4185A000B120FF /* Products */;
			projectDirPath = "";
			projectRoot = "";
			targets = (
				DD0966B71C4185A000B120FF /* iOSUsers&Data */,
				DD0966CE1C4185A000B120FF /* iOSUsers&DataTests */,
				DD0966D91C4185A000B120FF /* iOSUsers&DataUITests */,
			);
		};
/* End PBXProject section */

/* Begin PBXResourcesBuildPhase section */
		DD0966B61C4185A000B120FF /* Resources */ = {
			isa = PBXResourcesBuildPhase;
			buildActionMask = 2147483647;
			files = (
				DD85C7FC1C49979500478E34 /* greyedout.png in Resources */,
				DD85C7FA1C4988E800478E34 /* Main.storyboard in Resources */,
				DD74E7271C41E266004A1EA3 /* add.png in Resources */,
				DD74E7211C41CED0004A1EA3 /* billabong.ttf in Resources */,
				DD74E7231C41CF84004A1EA3 /* buttonbackground.png in Resources */,
				DD0966C91C4185A000B120FF /* LaunchScreen.storyboard in Resources */,
				DD0966C61C4185A000B120FF /* Assets.xcassets in Resources */,
				DD74E71F1C41CB0A004A1EA3 /* computer.png in Resources */,
			);
			runOnlyForDeploymentPostprocessing = 0;
		};
		DD0966CD1C4185A000B120FF /* Resources */ = {
			isa = PBXResourcesBuildPhase;
			buildActionMask = 2147483647;
			files = (
			);
			runOnlyForDeploymentPostprocessing = 0;
		};
		DD0966D81C4185A000B120FF /* Resources */ = {
			isa = PBXResourcesBuildPhase;
			buildActionMask = 2147483647;
			files = (
			);
			runOnlyForDeploymentPostprocessing = 0;
		};
/* End PBXResourcesBuildPhase section */

/* Begin PBXSourcesBuildPhase section */
		DD0966B41C4185A000B120FF /* Sources */ = {
			isa = PBXSourcesBuildPhase;
			buildActionMask = 2147483647;
			files = (
				DD15A4011C4823D8001DB0AB /* AddBuild.swift in Sources */,
				DD74E7291C41E915004A1EA3 /* Main.swift in Sources */,
				DD0966BE1C4185A000B120FF /* ViewController.swift in Sources */,
				DD0966C41C4185A000B120FF /* iOSUsers_Data.xcdatamodeld in Sources */,
				DD74E7251C41D6A0004A1EA3 /* Register.swift in Sources */,
				DD0966BC1C4185A000B120FF /* AppDelegate.swift in Sources */,
			);
			runOnlyForDeploymentPostprocessing = 0;
		};
		DD0966CB1C4185A000B120FF /* Sources */ = {
			isa = PBXSourcesBuildPhase;
			buildActionMask = 2147483647;
			files = (
				DD0966D41C4185A000B120FF /* iOSUsers_DataTests.swift in Sources */,
			);
			runOnlyForDeploymentPostprocessing = 0;
		};
		DD0966D61C4185A000B120FF /* Sources */ = {
			isa = PBXSourcesBuildPhase;
			buildActionMask = 2147483647;
			files = (
				DD0966DF1C4185A000B120FF /* iOSUsers_DataUITests.swift in Sources */,
			);
			runOnlyForDeploymentPostprocessing = 0;
		};
/* End PBXSourcesBuildPhase section */

/* Begin PBXTargetDependency section */
		DD0966D11C4185A000B120FF /* PBXTargetDependency */ = {
			isa = PBXTargetDependency;
			target = DD0966B71C4185A000B120FF /* iOSUsers&Data */;
			targetProxy = DD0966D01C4185A000B120FF /* PBXContainerItemProxy */;
		};
		DD0966DC1C4185A000B120FF /* PBXTargetDependency */ = {
			isa = PBXTargetDependency;
			target = DD0966B71C4185A000B120FF /* iOSUsers&Data */;
			targetProxy = DD0966DB1C4185A000B120FF /* PBXContainerItemProxy */;
		};
/* End PBXTargetDependency section */

/* Begin PBXVariantGroup section */
		DD0966C71C4185A000B120FF /* LaunchScreen.storyboard */ = {
			isa = PBXVariantGroup;
			children = (
				DD0966C81C4185A000B120FF /* Base */,
			);
			name = LaunchScreen.storyboard;
			sourceTree = "<group>";
		};
/* End PBXVariantGroup section */

/* Begin XCBuildConfiguration section */
		DD0966E11C4185A000B120FF /* Debug */ = {
			isa = XCBuildConfiguration;
			buildSettings = {
				ALWAYS_SEARCH_USER_PATHS = NO;
				CLANG_CXX_LANGUAGE_STANDARD = "gnu++0x";
				CLANG_CXX_LIBRARY = "libc++";
				CLANG_ENABLE_MODULES = YES;
				CLANG_ENABLE_OBJC_ARC = YES;
				CLANG_WARN_BOOL_CONVERSION = YES;
				CLANG_WARN_CONSTANT_CONVERSION = YES;
				CLANG_WARN_DIRECT_OBJC_ISA_USAGE = YES_ERROR;
				CLANG_WARN_EMPTY_BODY = YES;
				CLANG_WARN_ENUM_CONVERSION = YES;
				CLANG_WARN_INT_CONVERSION = YES;
				CLANG_WARN_OBJC_ROOT_CLASS = YES_ERROR;
				CLANG_WARN_UNREACHABLE_CODE = YES;
				CLANG_WARN__DUPLICATE_METHOD_MATCH = YES;
				"CODE_SIGN_IDENTITY[sdk=iphoneos*]" = "iPhone Developer";
				COPY_PHASE_STRIP = NO;
				DEBUG_INFORMATION_FORMAT = dwarf;
				ENABLE_STRICT_OBJC_MSGSEND = YES;
				ENABLE_TESTABILITY = YES;
				GCC_C_LANGUAGE_STANDARD = gnu99;
				GCC_DYNAMIC_NO_PIC = NO;
				GCC_NO_COMMON_BLOCKS = YES;
				GCC_OPTIMIZATION_LEVEL = 0;
				GCC_PREPROCESSOR_DEFINITIONS = (
					"DEBUG=1",
					"$(inherited)",
				);
				GCC_WARN_64_TO_32_BIT_CONVERSION = YES;
				GCC_WARN_ABOUT_RETURN_TYPE = YES_ERROR;
				GCC_WARN_UNDECLARED_SELECTOR = YES;
				GCC_WARN_UNINITIALIZED_AUTOS = YES_AGGRESSIVE;
				GCC_WARN_UNUSED_FUNCTION = YES;
				GCC_WARN_UNUSED_VARIABLE = YES;
				IPHONEOS_DEPLOYMENT_TARGET = 9.2;
				MTL_ENABLE_DEBUG_INFO = YES;
				ONLY_ACTIVE_ARCH = YES;
				SDKROOT = iphoneos;
				SWIFT_OPTIMIZATION_LEVEL = "-Onone";
			};
			name = Debug;
		};
		DD0966E21C4185A000B120FF /* Release */ = {
			isa = XCBuildConfiguration;
			buildSettings = {
				ALWAYS_SEARCH_USER_PATHS = NO;
				CLANG_CXX_LANGUAGE_STANDARD = "gnu++0x";
				CLANG_CXX_LIBRARY = "libc++";
				CLANG_ENABLE_MODULES = YES;
				CLANG_ENABLE_OBJC_ARC = YES;
				CLANG_WARN_BOOL_CONVERSION = YES;
				CLANG_WARN_CONSTANT_CONVERSION = YES;
				CLANG_WARN_DIRECT_OBJC_ISA_USAGE = YES_ERROR;
				CLANG_WARN_EMPTY_BODY = YES;
				CLANG_WARN_ENUM_CONVERSION = YES;
				CLANG_WARN_INT_CONVERSION = YES;
				CLANG_WARN_OBJC_ROOT_CLASS = YES_ERROR;
				CLANG_WARN_UNREACHABLE_CODE = YES;
				CLANG_WARN__DUPLICATE_METHOD_MATCH = YES;
				"CODE_SIGN_IDENTITY[sdk=iphoneos*]" = "iPhone Developer";
				COPY_PHASE_STRIP = NO;
				DEBUG_INFORMATION_FORMAT = "dwarf-with-dsym";
				ENABLE_NS_ASSERTIONS = NO;
				ENABLE_STRICT_OBJC_MSGSEND = YES;
				GCC_C_LANGUAGE_STANDARD = gnu99;
				GCC_NO_COMMON_BLOCKS = YES;
				GCC_WARN_64_TO_32_BIT_CONVERSION = YES;
				GCC_WARN_ABOUT_RETURN_TYPE = YES_ERROR;
				GCC_WARN_UNDECLARED_SELECTOR = YES;
				GCC_WARN_UNINITIALIZED_AUTOS = YES_AGGRESSIVE;
				GCC_WARN_UNUSED_FUNCTION = YES;
				GCC_WARN_UNUSED_VARIABLE = YES;
				IPHONEOS_DEPLOYMENT_TARGET = 9.2;
				MTL_ENABLE_DEBUG_INFO = NO;
				SDKROOT = iphoneos;
				VALIDATE_PRODUCT = YES;
			};
			name = Release;
		};
		DD0966E41C4185A000B120FF /* Debug */ = {
			isa = XCBuildConfiguration;
			buildSettings = {
				ASSETCATALOG_COMPILER_APPICON_NAME = AppIcon;
				CODE_SIGN_IDENTITY = "iPhone Developer";
				"CODE_SIGN_IDENTITY[sdk=iphoneos*]" = "iPhone Developer";
				FRAMEWORK_SEARCH_PATHS = (
					"$(inherited)",
					"$(PROJECT_DIR)",
				);
				INFOPLIST_FILE = "iOSUsers&Data/Info.plist";
				IPHONEOS_DEPLOYMENT_TARGET = 9.0;
				LD_RUNPATH_SEARCH_PATHS = "$(inherited) @executable_path/Frameworks";
				PRODUCT_BUNDLE_IDENTIFIER = "com.iDorosh.iOSUsers-Data";
				PRODUCT_NAME = "$(TARGET_NAME)";
				PROVISIONING_PROFILE = "";
			};
			name = Debug;
		};
		DD0966E51C4185A000B120FF /* Release */ = {
			isa = XCBuildConfiguration;
			buildSettings = {
				ASSETCATALOG_COMPILER_APPICON_NAME = AppIcon;
				CODE_SIGN_IDENTITY = "iPhone Developer";
				"CODE_SIGN_IDENTITY[sdk=iphoneos*]" = "iPhone Developer";
				FRAMEWORK_SEARCH_PATHS = (
					"$(inherited)",
					"$(PROJECT_DIR)",
				);
				INFOPLIST_FILE = "iOSUsers&Data/Info.plist";
				IPHONEOS_DEPLOYMENT_TARGET = 9.0;
				LD_RUNPATH_SEARCH_PATHS = "$(inherited) @executable_path/Frameworks";
				PRODUCT_BUNDLE_IDENTIFIER = "com.iDorosh.iOSUsers-Data";
				PRODUCT_NAME = "$(TARGET_NAME)";
				PROVISIONING_PROFILE = "";
			};
			name = Release;
		};
		DD0966E71C4185A000B120FF /* Debug */ = {
			isa = XCBuildConfiguration;
			buildSettings = {
				BUNDLE_LOADER = "$(TEST_HOST)";
				INFOPLIST_FILE = "iOSUsers&DataTests/Info.plist";
				LD_RUNPATH_SEARCH_PATHS = "$(inherited) @executable_path/Frameworks @loader_path/Frameworks";
				PRODUCT_BUNDLE_IDENTIFIER = "com.iDorosh.iOSUsers-DataTests";
				PRODUCT_NAME = "$(TARGET_NAME)";
				TEST_HOST = "$(BUILT_PRODUCTS_DIR)/iOSUsers&Data.app/iOSUsers&Data";
			};
			name = Debug;
		};
		DD0966E81C4185A000B120FF /* Release */ = {
			isa = XCBuildConfiguration;
			buildSettings = {
				BUNDLE_LOADER = "$(TEST_HOST)";
				INFOPLIST_FILE = "iOSUsers&DataTests/Info.plist";
				LD_RUNPATH_SEARCH_PATHS = "$(inherited) @executable_path/Frameworks @loader_path/Frameworks";
				PRODUCT_BUNDLE_IDENTIFIER = "com.iDorosh.iOSUsers-DataTests";
				PRODUCT_NAME = "$(TARGET_NAME)";
				TEST_HOST = "$(BUILT_PRODUCTS_DIR)/iOSUsers&Data.app/iOSUsers&Data";
			};
			name = Release;
		};
		DD0966EA1C4185A000B120FF /* Debug */ = {
			isa = XCBuildConfiguration;
			buildSettings = {
				INFOPLIST_FILE = "iOSUsers&DataUITests/Info.plist";
				LD_RUNPATH_SEARCH_PATHS = "$(inherited) @executable_path/Frameworks @loader_path/Frameworks";
				PRODUCT_BUNDLE_IDENTIFIER = "com.iDorosh.iOSUsers-DataUITests";
				PRODUCT_NAME = "$(TARGET_NAME)";
				TEST_TARGET_NAME = "iOSUsers&Data";
				USES_XCTRUNNER = YES;
			};
			name = Debug;
		};
		DD0966EB1C4185A000B120FF /* Release */ = {
			isa = XCBuildConfiguration;
			buildSettings = {
				INFOPLIST_FILE = "iOSUsers&DataUITests/Info.plist";
				LD_RUNPATH_SEARCH_PATHS = "$(inherited) @executable_path/Frameworks @loader_path/Frameworks";
				PRODUCT_BUNDLE_IDENTIFIER = "com.iDorosh.iOSUsers-DataUITests";
				PRODUCT_NAME = "$(TARGET_NAME)";
				TEST_TARGET_NAME = "iOSUsers&Data";
				USES_XCTRUNNER = YES;
			};
			name = Release;
		};
/* End XCBuildConfiguration section */

/* Begin XCConfigurationList section */
		DD0966B31C4185A000B120FF /* Build configuration list for PBXProject "iOSUsers&Data" */ = {
			isa = XCConfigurationList;
			buildConfigurations = (
				DD0966E11C4185A000B120FF /* Debug */,
				DD0966E21C4185A000B120FF /* Release */,
			);
			defaultConfigurationIsVisible = 0;
			defaultConfigurationName = Release;
		};
		DD0966E31C4185A000B120FF /* Build configuration list for PBXNativeTarget "iOSUsers&Data" */ = {
			isa = XCConfigurationList;
			buildConfigurations = (
				DD0966E41C4185A000B120FF /* Debug */,
				DD0966E51C4185A000B120FF /* Release */,
			);
			defaultConfigurationIsVisible = 0;
			defaultConfigurationName = Release;
		};
		DD0966E61C4185A000B120FF /* Build configuration list for PBXNativeTarget "iOSUsers&DataTests" */ = {
			isa = XCConfigurationList;
			buildConfigurations = (
				DD0966E71C4185A000B120FF /* Debug */,
				DD0966E81C4185A000B120FF /* Release */,
			);
			defaultConfigurationIsVisible = 0;
			defaultConfigurationName = Release;
		};
		DD0966E91C4185A000B120FF /* Build configuration list for PBXNativeTarget "iOSUsers&DataUITests" */ = {
			isa = XCConfigurationList;
			buildConfigurations = (
				DD0966EA1C4185A000B120FF /* Debug */,
				DD0966EB1C4185A000B120FF /* Release */,
			);
			defaultConfigurationIsVisible = 0;
			defaultConfigurationName = Release;
		};
/* End XCConfigurationList section */

/* Begin XCVersionGroup section */
		DD0966C21C4185A000B120FF /* iOSUsers_Data.xcdatamodeld */ = {
			isa = XCVersionGroup;
			children = (
				DD0966C31C4185A000B120FF /* iOSUsers_Data.xcdatamodel */,
			);
			currentVersion = DD0966C31C4185A000B120FF /* iOSUsers_Data.xcdatamodel */;
			path = iOSUsers_Data.xcdatamodeld;
			sourceTree = "<group>";
			versionGroupType = wrapper.xcdatamodel;
		};
/* End XCVersionGroup section */
	};
	rootObject = DD0966B01C4185A000B120FF /* Project object */;
}
